
Microsoft Visual Studio Solution File, Format Version 12.00
# Visual Studio Version 17
VisualStudioVersion = 17.9.34728.123
MinimumVisualStudioVersion = 10.0.40219.1
Project("{FAE04EC0-301F-11D3-BF4B-00C04F79EFBC}") = "Inheritance and Method Overriding", "Inheritance and Method Overriding\Inheritance and Method Overriding.csproj", "{0D9F35FD-B7CF-4D2F-B804-C853175C2F8B}"
EndProject
Global
	GlobalSection(SolutionConfigurationPlatforms) = preSolution
		Debug|Any CPU = Debug|Any CPU
		Release|Any CPU = Release|Any CPU
	EndGlobalSection
	GlobalSection(ProjectConfigurationPlatforms) = postSolution
		{0D9F35FD-B7CF-4D2F-B804-C853175C2F8B}.Debug|Any CPU.ActiveCfg = Debug|Any CPU
		{0D9F35FD-B7CF-4D2F-B804-C853175C2F8B}.Debug|Any CPU.Build.0 = Debug|Any CPU
		{0D9F35FD-B7CF-4D2F-B804-C853175C2F8B}.Release|Any CPU.ActiveCfg = Release|Any CPU
		{0D9F35FD-B7CF-4D2F-B804-C853175C2F8B}.Release|Any CPU.Build.0 = Release|Any CPU
	EndGlobalSection
	GlobalSection(SolutionProperties) = preSolution
		HideSolutionNode = FALSE
	EndGlobalSection
	GlobalSection(ExtensibilityGlobals) = postSolution
		SolutionGuid = {567361B6-1788-47C1-8E53-2F4204B8E519}
	EndGlobalSection
EndGlobal
